
Microsoft Visual Studio Solution File, Format Version 12.00
# Visual Studio Version 16
VisualStudioVersion = 16.0.31005.135
MinimumVisualStudioVersion = 10.0.40219.1
Project("{FAE04EC0-301F-11D3-BF4B-00C04F79EFBC}") = "PaintProgram", "PaintProgram\PaintProgram.csproj", "{3341E309-C292-44B5-9BDA-7C5DAA502B56}"
EndProject
Global
	GlobalSection(SolutionConfigurationPlatforms) = preSolution
		Debug|Any CPU = Debug|Any CPU
		Release|Any CPU = Release|Any CPU
	EndGlobalSection
	GlobalSection(ProjectConfigurationPlatforms) = postSolution
		{3341E309-C292-44B5-9BDA-7C5DAA502B56}.Debug|Any CPU.ActiveCfg = Debug|Any CPU
		{3341E309-C292-44B5-9BDA-7C5DAA502B56}.Debug|Any CPU.Build.0 = Debug|Any CPU
		{3341E309-C292-44B5-9BDA-7C5DAA502B56}.Release|Any CPU.ActiveCfg = Release|Any CPU
		{3341E309-C292-44B5-9BDA-7C5DAA502B56}.Release|Any CPU.Build.0 = Release|Any CPU
	EndGlobalSection
	GlobalSection(SolutionProperties) = preSolution
		HideSolutionNode = FALSE
	EndGlobalSection
	GlobalSection(ExtensibilityGlobals) = postSolution
		SolutionGuid = {FDEE77D3-338D-43E2-9525-709A8491C170}
	EndGlobalSection
EndGlobal
